
Microsoft Visual Studio Solution File, Format Version 12.00
# Visual Studio 15
VisualStudioVersion = 15.0.28010.2003
MinimumVisualStudioVersion = 10.0.40219.1
Project("{FAE04EC0-301F-11D3-BF4B-00C04F79EFBC}") = "FundaApp", "FundaApp\FundaApp.csproj", "{23F27D31-99E0-48B5-814E-FD28D8AFCE39}"
EndProject
Global
	GlobalSection(SolutionConfigurationPlatforms) = preSolution
		Debug|Any CPU = Debug|Any CPU
		Release|Any CPU = Release|Any CPU
	EndGlobalSection
	GlobalSection(ProjectConfigurationPlatforms) = postSolution
		{23F27D31-99E0-48B5-814E-FD28D8AFCE39}.Debug|Any CPU.ActiveCfg = Debug|Any CPU
		{23F27D31-99E0-48B5-814E-FD28D8AFCE39}.Debug|Any CPU.Build.0 = Debug|Any CPU
		{23F27D31-99E0-48B5-814E-FD28D8AFCE39}.Release|Any CPU.ActiveCfg = Release|Any CPU
		{23F27D31-99E0-48B5-814E-FD28D8AFCE39}.Release|Any CPU.Build.0 = Release|Any CPU
	EndGlobalSection
	GlobalSection(SolutionProperties) = preSolution
		HideSolutionNode = FALSE
	EndGlobalSection
	GlobalSection(ExtensibilityGlobals) = postSolution
		SolutionGuid = {264D8298-3AA4-4732-A1F0-818C8BA63F87}
	EndGlobalSection
EndGlobal
